
Microsoft Visual Studio Solution File, Format Version 12.00
# Visual Studio 2013
VisualStudioVersion = 12.0.31101.0
MinimumVisualStudioVersion = 10.0.40219.1
Project("{FAE04EC0-301F-11D3-BF4B-00C04F79EFBC}") = "BootstrapWebApplication.Tests", "BootstrapWebApplication.Tests\BootstrapWebApplication.Tests.csproj", "{09FF7923-6FD7-41B0-85E9-17D183E90616}"
EndProject
Project("{FAE04EC0-301F-11D3-BF4B-00C04F79EFBC}") = "BootstrapWebApplication", "BootstrapWebApplication\BootstrapWebApplication.csproj", "{66B1BC58-FFFF-4B30-9C7C-DFB5544DC0A8}"
EndProject
Project("{2150E333-8FDC-42A3-9474-1A3956D46DE8}") = "Solution Items", "Solution Items", "{D69962A8-ACDC-4FB5-B588-93816260CF18}"
	ProjectSection(SolutionItems) = preProject
		SolutionItems\Datepicker for Bootstrap.htm = SolutionItems\Datepicker for Bootstrap.htm
		IIS64bitVersion.JPG = IIS64bitVersion.JPG
		README.txt = README.txt
	EndProjectSection
EndProject
Project("{FAE04EC0-301F-11D3-BF4B-00C04F79EFBC}") = "CodeTester", "CodeTester\CodeTester.csproj", "{D25C32C0-B0E6-49C1-96E6-34B93A868352}"
EndProject
Project("{FAE04EC0-301F-11D3-BF4B-00C04F79EFBC}") = "PrintServer", "PrintServer\PrintServer.csproj", "{F12A000D-6B42-4002-BE67-F4708B092741}"
EndProject
Project("{FAE04EC0-301F-11D3-BF4B-00C04F79EFBC}") = "BootstrapResources", "..\..\WebAppCommon\WebAppCommon\BootstrapResources\BootstrapResources.csproj", "{FDE67905-7FBA-47A9-A905-2F40A3DC6D42}"
EndProject
Project("{FAE04EC0-301F-11D3-BF4B-00C04F79EFBC}") = "NLSParser", "..\..\WebAppCommon\WebAppCommon\NLSParser\NLSParser.csproj", "{66B0B489-AD18-49BE-8E88-61516500D129}"
EndProject
Project("{FAE04EC0-301F-11D3-BF4B-00C04F79EFBC}") = "PhoneNumbers", "..\..\WebAppCommon\WebAppCommon\PhoneNumbers\PhoneNumbers.csproj", "{2DCD7C72-1A52-4961-88BC-B2E0BCC01B88}"
EndProject
Project("{FAE04EC0-301F-11D3-BF4B-00C04F79EFBC}") = "BootstrapCore", "..\..\WebAppCommon\WebAppCommon\BootstrapCore\BootstrapCore.csproj", "{9B955293-2E0B-44A7-A668-2B23E0204B8F}"
EndProject
Project("{FAE04EC0-301F-11D3-BF4B-00C04F79EFBC}") = "KTHusidLibrary", "..\..\WebAppCommon\WebAppCommon\KTHusidLibrary\KTHusidLibrary.csproj", "{5ADD69F6-0D68-4581-8B36-78F149C6FB6B}"
EndProject
Project("{FAE04EC0-301F-11D3-BF4B-00C04F79EFBC}") = "RunCSVFix", "..\..\WebAppCommon\WebAppCommon\CSVFix\RunCSVFix.csproj", "{C1A48045-1588-45BE-AE89-C085337F3995}"
EndProject
Project("{FAE04EC0-301F-11D3-BF4B-00C04F79EFBC}") = "BootstrapModel", "..\..\WebAppCommon\WebAppCommon\BootstrapModel\BootstrapModel.csproj", "{FB9C2C24-5EFC-44EB-B582-4544323D08A6}"
EndProject
Project("{FAE04EC0-301F-11D3-BF4B-00C04F79EFBC}") = "BootstrapDAL", "BootstrapDAL\BootstrapDAL.csproj", "{097C78FB-2F58-455F-8440-36BA7951A02D}"
EndProject
Project("{FAE04EC0-301F-11D3-BF4B-00C04F79EFBC}") = "ETransToCSV", "ETransToCSV\ETransToCSV.csproj", "{F3F1C6CF-0835-4E1F-A218-C68345A960A4}"
EndProject
Project("{2150E333-8FDC-42A3-9474-1A3956D46DE8}") = ".nuget", ".nuget", "{744254C5-4AA6-46BC-9844-A7331E583ABD}"
	ProjectSection(SolutionItems) = preProject
		.nuget\NuGet.Config = .nuget\NuGet.Config
		.nuget\NuGet.exe = .nuget\NuGet.exe
		.nuget\NuGet.targets = .nuget\NuGet.targets
	EndProjectSection
EndProject
Project("{FAE04EC0-301F-11D3-BF4B-00C04F79EFBC}") = "BlogResources", "..\..\WebAppCommon\WebAppCommon\BlogResources\BlogResources.csproj", "{A8E445FA-84FD-4174-BA25-CFC514E0297F}"
EndProject
Global
	GlobalSection(TeamFoundationVersionControl) = preSolution
		SccNumberOfProjects = 12
		SccEnterpriseProvider = {4CA58AB2-18FA-4F8D-95D4-32DDF27D184C}
		SccTeamFoundationServer = https://kthusid.visualstudio.com/DefaultCollection
		SccLocalPath0 = .
		SccProjectUniqueName1 = BootstrapDAL\\BootstrapDAL.csproj
		SccProjectName1 = BootstrapDAL
		SccLocalPath1 = BootstrapDAL
		SccProjectUniqueName2 = BootstrapWebApplication\\BootstrapWebApplication.csproj
		SccProjectName2 = BootstrapWebApplication
		SccLocalPath2 = BootstrapWebApplication
		SccProjectUniqueName3 = PrintServer\\PrintServer.csproj
		SccProjectName3 = PrintServer
		SccLocalPath3 = PrintServer
		SccProjectUniqueName4 = ..\\..\\WebAppCommon\\WebAppCommon\\BootstrapResources\\BootstrapResources.csproj
		SccProjectName4 = ../../WebAppCommon/WebAppCommon/BootstrapResources
		SccLocalPath4 = ..\\..\\WebAppCommon\\WebAppCommon\\BootstrapResources
		SccProjectUniqueName5 = ..\\..\\WebAppCommon\\WebAppCommon\\KTHusidLibrary\\KTHusidLibrary.csproj
		SccProjectName5 = ../../WebAppCommon/WebAppCommon/KTHusidLibrary
		SccLocalPath5 = ..\\..\\WebAppCommon\\WebAppCommon\\KTHusidLibrary
		SccProjectUniqueName6 = ..\\..\\WebAppCommon\\WebAppCommon\\BlogResources\\BlogResources.csproj
		SccProjectName6 = ../../WebAppCommon/WebAppCommon/BlogResources
		SccLocalPath6 = ..\\..\\WebAppCommon\\WebAppCommon\\BlogResources
		SccProjectUniqueName7 = ..\\..\\WebAppCommon\\WebAppCommon\\BootstrapModel\\BootstrapModel.csproj
		SccProjectName7 = ../../WebAppCommon/WebAppCommon/BootstrapModel
		SccLocalPath7 = ..\\..\\WebAppCommon\\WebAppCommon\\BootstrapModel
		SccProjectUniqueName8 = ..\\..\\WebAppCommon\\WebAppCommon\\BootstrapCore\\BootstrapCore.csproj
		SccProjectName8 = ../../WebAppCommon/WebAppCommon/BootstrapCore
		SccLocalPath8 = ..\\..\\WebAppCommon\\WebAppCommon\\BootstrapCore
		SccProjectUniqueName9 = ..\\..\\WebAppCommon\\WebAppCommon\\PhoneNumbers\\PhoneNumbers.csproj
		SccProjectName9 = ../../WebAppCommon/WebAppCommon/PhoneNumbers
		SccLocalPath9 = ..\\..\\WebAppCommon\\WebAppCommon\\PhoneNumbers
		SccProjectUniqueName10 = ..\\..\\WebAppCommon\\WebAppCommon\\NLSParser\\NLSParser.csproj
		SccProjectName10 = ../../WebAppCommon/WebAppCommon/NLSParser
		SccLocalPath10 = ..\\..\\WebAppCommon\\WebAppCommon\\NLSParser
		SccProjectUniqueName11 = ..\\..\\WebAppCommon\\WebAppCommon\\CSVFix\\RunCSVFix.csproj
		SccProjectName11 = ../../WebAppCommon/WebAppCommon/CSVFix
		SccLocalPath11 = ..\\..\\WebAppCommon\\WebAppCommon\\CSVFix
	EndGlobalSection
	GlobalSection(SolutionConfigurationPlatforms) = preSolution
		Debug|Any CPU = Debug|Any CPU
		Debug|Mixed Platforms = Debug|Mixed Platforms
		Debug|x64 = Debug|x64
		Debug|x86 = Debug|x86
		Release|Any CPU = Release|Any CPU
		Release|Mixed Platforms = Release|Mixed Platforms
		Release|x64 = Release|x64
		Release|x86 = Release|x86
	EndGlobalSection
	GlobalSection(ProjectConfigurationPlatforms) = postSolution
		{09FF7923-6FD7-41B0-85E9-17D183E90616}.Debug|Any CPU.ActiveCfg = Debug|Any CPU
		{09FF7923-6FD7-41B0-85E9-17D183E90616}.Debug|Any CPU.Build.0 = Debug|Any CPU
		{09FF7923-6FD7-41B0-85E9-17D183E90616}.Debug|Mixed Platforms.ActiveCfg = Debug|x86
		{09FF7923-6FD7-41B0-85E9-17D183E90616}.Debug|Mixed Platforms.Build.0 = Debug|x86
		{09FF7923-6FD7-41B0-85E9-17D183E90616}.Debug|x64.ActiveCfg = Debug|x64
		{09FF7923-6FD7-41B0-85E9-17D183E90616}.Debug|x64.Build.0 = Debug|x64
		{09FF7923-6FD7-41B0-85E9-17D183E90616}.Debug|x86.ActiveCfg = Debug|x86
		{09FF7923-6FD7-41B0-85E9-17D183E90616}.Debug|x86.Build.0 = Debug|x86
		{09FF7923-6FD7-41B0-85E9-17D183E90616}.Release|Any CPU.ActiveCfg = Release|Any CPU
		{09FF7923-6FD7-41B0-85E9-17D183E90616}.Release|Any CPU.Build.0 = Release|Any CPU
		{09FF7923-6FD7-41B0-85E9-17D183E90616}.Release|Mixed Platforms.ActiveCfg = Release|x86
		{09FF7923-6FD7-41B0-85E9-17D183E90616}.Release|Mixed Platforms.Build.0 = Release|x86
		{09FF7923-6FD7-41B0-85E9-17D183E90616}.Release|x64.ActiveCfg = Release|x64
		{09FF7923-6FD7-41B0-85E9-17D183E90616}.Release|x64.Build.0 = Release|x64
		{09FF7923-6FD7-41B0-85E9-17D183E90616}.Release|x86.ActiveCfg = Release|x86
		{09FF7923-6FD7-41B0-85E9-17D183E90616}.Release|x86.Build.0 = Release|x86
		{66B1BC58-FFFF-4B30-9C7C-DFB5544DC0A8}.Debug|Any CPU.ActiveCfg = Debug|Any CPU
		{66B1BC58-FFFF-4B30-9C7C-DFB5544DC0A8}.Debug|Any CPU.Build.0 = Debug|Any CPU
		{66B1BC58-FFFF-4B30-9C7C-DFB5544DC0A8}.Debug|Mixed Platforms.ActiveCfg = Debug|x86
		{66B1BC58-FFFF-4B30-9C7C-DFB5544DC0A8}.Debug|Mixed Platforms.Build.0 = Debug|x86
		{66B1BC58-FFFF-4B30-9C7C-DFB5544DC0A8}.Debug|x64.ActiveCfg = Debug|Any CPU
		{66B1BC58-FFFF-4B30-9C7C-DFB5544DC0A8}.Debug|x64.Build.0 = Debug|Any CPU
		{66B1BC58-FFFF-4B30-9C7C-DFB5544DC0A8}.Debug|x86.ActiveCfg = Debug|x86
		{66B1BC58-FFFF-4B30-9C7C-DFB5544DC0A8}.Debug|x86.Build.0 = Debug|x86
		{66B1BC58-FFFF-4B30-9C7C-DFB5544DC0A8}.Release|Any CPU.ActiveCfg = Release|Any CPU
		{66B1BC58-FFFF-4B30-9C7C-DFB5544DC0A8}.Release|Any CPU.Build.0 = Release|Any CPU
		{66B1BC58-FFFF-4B30-9C7C-DFB5544DC0A8}.Release|Mixed Platforms.ActiveCfg = Release|x86
		{66B1BC58-FFFF-4B30-9C7C-DFB5544DC0A8}.Release|Mixed Platforms.Build.0 = Release|x86
		{66B1BC58-FFFF-4B30-9C7C-DFB5544DC0A8}.Release|x64.ActiveCfg = Release|x64
		{66B1BC58-FFFF-4B30-9C7C-DFB5544DC0A8}.Release|x64.Build.0 = Release|x64
		{66B1BC58-FFFF-4B30-9C7C-DFB5544DC0A8}.Release|x86.ActiveCfg = Release|x86
		{66B1BC58-FFFF-4B30-9C7C-DFB5544DC0A8}.Release|x86.Build.0 = Release|x86
		{D25C32C0-B0E6-49C1-96E6-34B93A868352}.Debug|Any CPU.ActiveCfg = Debug|Any CPU
		{D25C32C0-B0E6-49C1-96E6-34B93A868352}.Debug|Any CPU.Build.0 = Debug|Any CPU
		{D25C32C0-B0E6-49C1-96E6-34B93A868352}.Debug|Mixed Platforms.ActiveCfg = Debug|x86
		{D25C32C0-B0E6-49C1-96E6-34B93A868352}.Debug|Mixed Platforms.Build.0 = Debug|x86
		{D25C32C0-B0E6-49C1-96E6-34B93A868352}.Debug|x64.ActiveCfg = Debug|x64
		{D25C32C0-B0E6-49C1-96E6-34B93A868352}.Debug|x64.Build.0 = Debug|x64
		{D25C32C0-B0E6-49C1-96E6-34B93A868352}.Debug|x86.ActiveCfg = Debug|x86
		{D25C32C0-B0E6-49C1-96E6-34B93A868352}.Debug|x86.Build.0 = Debug|x86
		{D25C32C0-B0E6-49C1-96E6-34B93A868352}.Release|Any CPU.ActiveCfg = Release|Any CPU
		{D25C32C0-B0E6-49C1-96E6-34B93A868352}.Release|Any CPU.Build.0 = Release|Any CPU
		{D25C32C0-B0E6-49C1-96E6-34B93A868352}.Release|Mixed Platforms.ActiveCfg = Release|Any CPU
		{D25C32C0-B0E6-49C1-96E6-34B93A868352}.Release|Mixed Platforms.Build.0 = Release|Any CPU
		{D25C32C0-B0E6-49C1-96E6-34B93A868352}.Release|x64.ActiveCfg = Release|x64
		{D25C32C0-B0E6-49C1-96E6-34B93A868352}.Release|x64.Build.0 = Release|x64
		{D25C32C0-B0E6-49C1-96E6-34B93A868352}.Release|x86.ActiveCfg = Release|x86
		{D25C32C0-B0E6-49C1-96E6-34B93A868352}.Release|x86.Build.0 = Release|x86
		{F12A000D-6B42-4002-BE67-F4708B092741}.Debug|Any CPU.ActiveCfg = Debug|Any CPU
		{F12A000D-6B42-4002-BE67-F4708B092741}.Debug|Any CPU.Build.0 = Debug|Any CPU
		{F12A000D-6B42-4002-BE67-F4708B092741}.Debug|Mixed Platforms.ActiveCfg = Debug|Any CPU
		{F12A000D-6B42-4002-BE67-F4708B092741}.Debug|Mixed Platforms.Build.0 = Debug|Any CPU
		{F12A000D-6B42-4002-BE67-F4708B092741}.Debug|x64.ActiveCfg = Debug|x64
		{F12A000D-6B42-4002-BE67-F4708B092741}.Debug|x86.ActiveCfg = Debug|x86
		{F12A000D-6B42-4002-BE67-F4708B092741}.Release|Any CPU.ActiveCfg = Release|Any CPU
		{F12A000D-6B42-4002-BE67-F4708B092741}.Release|Any CPU.Build.0 = Release|Any CPU
		{F12A000D-6B42-4002-BE67-F4708B092741}.Release|Mixed Platforms.ActiveCfg = Release|Any CPU
		{F12A000D-6B42-4002-BE67-F4708B092741}.Release|Mixed Platforms.Build.0 = Release|Any CPU
		{F12A000D-6B42-4002-BE67-F4708B092741}.Release|x64.ActiveCfg = Release|x64
		{F12A000D-6B42-4002-BE67-F4708B092741}.Release|x64.Build.0 = Release|x64
		{F12A000D-6B42-4002-BE67-F4708B092741}.Release|x86.ActiveCfg = Release|Any CPU
		{FDE67905-7FBA-47A9-A905-2F40A3DC6D42}.Debug|Any CPU.ActiveCfg = Debug|Any CPU
		{FDE67905-7FBA-47A9-A905-2F40A3DC6D42}.Debug|Any CPU.Build.0 = Debug|Any CPU
		{FDE67905-7FBA-47A9-A905-2F40A3DC6D42}.Debug|Mixed Platforms.ActiveCfg = Debug|x86
		{FDE67905-7FBA-47A9-A905-2F40A3DC6D42}.Debug|Mixed Platforms.Build.0 = Debug|x86
		{FDE67905-7FBA-47A9-A905-2F40A3DC6D42}.Debug|x64.ActiveCfg = Debug|Any CPU
		{FDE67905-7FBA-47A9-A905-2F40A3DC6D42}.Debug|x64.Build.0 = Debug|Any CPU
		{FDE67905-7FBA-47A9-A905-2F40A3DC6D42}.Debug|x86.ActiveCfg = Debug|x86
		{FDE67905-7FBA-47A9-A905-2F40A3DC6D42}.Debug|x86.Build.0 = Debug|x86
		{FDE67905-7FBA-47A9-A905-2F40A3DC6D42}.Release|Any CPU.ActiveCfg = Release|Any CPU
		{FDE67905-7FBA-47A9-A905-2F40A3DC6D42}.Release|Any CPU.Build.0 = Release|Any CPU
		{FDE67905-7FBA-47A9-A905-2F40A3DC6D42}.Release|Mixed Platforms.ActiveCfg = Release|x86
		{FDE67905-7FBA-47A9-A905-2F40A3DC6D42}.Release|Mixed Platforms.Build.0 = Release|x86
		{FDE67905-7FBA-47A9-A905-2F40A3DC6D42}.Release|x64.ActiveCfg = Release|x64
		{FDE67905-7FBA-47A9-A905-2F40A3DC6D42}.Release|x64.Build.0 = Release|x64
		{FDE67905-7FBA-47A9-A905-2F40A3DC6D42}.Release|x86.ActiveCfg = Release|x86
		{FDE67905-7FBA-47A9-A905-2F40A3DC6D42}.Release|x86.Build.0 = Release|x86
		{66B0B489-AD18-49BE-8E88-61516500D129}.Debug|Any CPU.ActiveCfg = Debug|Any CPU
		{66B0B489-AD18-49BE-8E88-61516500D129}.Debug|Any CPU.Build.0 = Debug|Any CPU
		{66B0B489-AD18-49BE-8E88-61516500D129}.Debug|Mixed Platforms.ActiveCfg = Debug|x86
		{66B0B489-AD18-49BE-8E88-61516500D129}.Debug|Mixed Platforms.Build.0 = Debug|x86
		{66B0B489-AD18-49BE-8E88-61516500D129}.Debug|x64.ActiveCfg = Debug|x64
		{66B0B489-AD18-49BE-8E88-61516500D129}.Debug|x64.Build.0 = Debug|x64
		{66B0B489-AD18-49BE-8E88-61516500D129}.Debug|x86.ActiveCfg = Debug|x86
		{66B0B489-AD18-49BE-8E88-61516500D129}.Debug|x86.Build.0 = Debug|x86
		{66B0B489-AD18-49BE-8E88-61516500D129}.Release|Any CPU.ActiveCfg = Release|Any CPU
		{66B0B489-AD18-49BE-8E88-61516500D129}.Release|Any CPU.Build.0 = Release|Any CPU
		{66B0B489-AD18-49BE-8E88-61516500D129}.Release|Mixed Platforms.ActiveCfg = Release|x86
		{66B0B489-AD18-49BE-8E88-61516500D129}.Release|Mixed Platforms.Build.0 = Release|x86
		{66B0B489-AD18-49BE-8E88-61516500D129}.Release|x64.ActiveCfg = Release|x64
		{66B0B489-AD18-49BE-8E88-61516500D129}.Release|x64.Build.0 = Release|x64
		{66B0B489-AD18-49BE-8E88-61516500D129}.Release|x86.ActiveCfg = Release|x86
		{66B0B489-AD18-49BE-8E88-61516500D129}.Release|x86.Build.0 = Release|x86
		{2DCD7C72-1A52-4961-88BC-B2E0BCC01B88}.Debug|Any CPU.ActiveCfg = Debug|Any CPU
		{2DCD7C72-1A52-4961-88BC-B2E0BCC01B88}.Debug|Any CPU.Build.0 = Debug|Any CPU
		{2DCD7C72-1A52-4961-88BC-B2E0BCC01B88}.Debug|Mixed Platforms.ActiveCfg = Debug|x86
		{2DCD7C72-1A52-4961-88BC-B2E0BCC01B88}.Debug|Mixed Platforms.Build.0 = Debug|x86
		{2DCD7C72-1A52-4961-88BC-B2E0BCC01B88}.Debug|x64.ActiveCfg = Debug|x64
		{2DCD7C72-1A52-4961-88BC-B2E0BCC01B88}.Debug|x64.Build.0 = Debug|x64
		{2DCD7C72-1A52-4961-88BC-B2E0BCC01B88}.Debug|x86.ActiveCfg = Debug|x86
		{2DCD7C72-1A52-4961-88BC-B2E0BCC01B88}.Debug|x86.Build.0 = Debug|x86
		{2DCD7C72-1A52-4961-88BC-B2E0BCC01B88}.Release|Any CPU.ActiveCfg = Release|Any CPU
		{2DCD7C72-1A52-4961-88BC-B2E0BCC01B88}.Release|Any CPU.Build.0 = Release|Any CPU
		{2DCD7C72-1A52-4961-88BC-B2E0BCC01B88}.Release|Mixed Platforms.ActiveCfg = Release|x86
		{2DCD7C72-1A52-4961-88BC-B2E0BCC01B88}.Release|Mixed Platforms.Build.0 = Release|x86
		{2DCD7C72-1A52-4961-88BC-B2E0BCC01B88}.Release|x64.ActiveCfg = Release|x64
		{2DCD7C72-1A52-4961-88BC-B2E0BCC01B88}.Release|x64.Build.0 = Release|x64
		{2DCD7C72-1A52-4961-88BC-B2E0BCC01B88}.Release|x86.ActiveCfg = Release|x86
		{2DCD7C72-1A52-4961-88BC-B2E0BCC01B88}.Release|x86.Build.0 = Release|x86
		{9B955293-2E0B-44A7-A668-2B23E0204B8F}.Debug|Any CPU.ActiveCfg = Debug|Any CPU
		{9B955293-2E0B-44A7-A668-2B23E0204B8F}.Debug|Any CPU.Build.0 = Debug|Any CPU
		{9B955293-2E0B-44A7-A668-2B23E0204B8F}.Debug|Mixed Platforms.ActiveCfg = Debug|x86
		{9B955293-2E0B-44A7-A668-2B23E0204B8F}.Debug|Mixed Platforms.Build.0 = Debug|x86
		{9B955293-2E0B-44A7-A668-2B23E0204B8F}.Debug|x64.ActiveCfg = Debug|Any CPU
		{9B955293-2E0B-44A7-A668-2B23E0204B8F}.Debug|x64.Build.0 = Debug|Any CPU
		{9B955293-2E0B-44A7-A668-2B23E0204B8F}.Debug|x86.ActiveCfg = Debug|x86
		{9B955293-2E0B-44A7-A668-2B23E0204B8F}.Debug|x86.Build.0 = Debug|x86
		{9B955293-2E0B-44A7-A668-2B23E0204B8F}.Release|Any CPU.ActiveCfg = Release|Any CPU
		{9B955293-2E0B-44A7-A668-2B23E0204B8F}.Release|Any CPU.Build.0 = Release|Any CPU
		{9B955293-2E0B-44A7-A668-2B23E0204B8F}.Release|Mixed Platforms.ActiveCfg = Release|x86
		{9B955293-2E0B-44A7-A668-2B23E0204B8F}.Release|Mixed Platforms.Build.0 = Release|x86
		{9B955293-2E0B-44A7-A668-2B23E0204B8F}.Release|x64.ActiveCfg = Release|x64
		{9B955293-2E0B-44A7-A668-2B23E0204B8F}.Release|x64.Build.0 = Release|x64
		{9B955293-2E0B-44A7-A668-2B23E0204B8F}.Release|x86.ActiveCfg = Release|x86
		{9B955293-2E0B-44A7-A668-2B23E0204B8F}.Release|x86.Build.0 = Release|x86
		{5ADD69F6-0D68-4581-8B36-78F149C6FB6B}.Debug|Any CPU.ActiveCfg = Debug|Any CPU
		{5ADD69F6-0D68-4581-8B36-78F149C6FB6B}.Debug|Any CPU.Build.0 = Debug|Any CPU
		{5ADD69F6-0D68-4581-8B36-78F149C6FB6B}.Debug|Mixed Platforms.ActiveCfg = Debug|x86
		{5ADD69F6-0D68-4581-8B36-78F149C6FB6B}.Debug|Mixed Platforms.Build.0 = Debug|x86
		{5ADD69F6-0D68-4581-8B36-78F149C6FB6B}.Debug|x64.ActiveCfg = Debug|Any CPU
		{5ADD69F6-0D68-4581-8B36-78F149C6FB6B}.Debug|x64.Build.0 = Debug|Any CPU
		{5ADD69F6-0D68-4581-8B36-78F149C6FB6B}.Debug|x86.ActiveCfg = Debug|x86
		{5ADD69F6-0D68-4581-8B36-78F149C6FB6B}.Debug|x86.Build.0 = Debug|x86
		{5ADD69F6-0D68-4581-8B36-78F149C6FB6B}.Release|Any CPU.ActiveCfg = Release|Any CPU
		{5ADD69F6-0D68-4581-8B36-78F149C6FB6B}.Release|Any CPU.Build.0 = Release|Any CPU
		{5ADD69F6-0D68-4581-8B36-78F149C6FB6B}.Release|Mixed Platforms.ActiveCfg = Release|x86
		{5ADD69F6-0D68-4581-8B36-78F149C6FB6B}.Release|Mixed Platforms.Build.0 = Release|x86
		{5ADD69F6-0D68-4581-8B36-78F149C6FB6B}.Release|x64.ActiveCfg = Release|x64
		{5ADD69F6-0D68-4581-8B36-78F149C6FB6B}.Release|x64.Build.0 = Release|x64
		{5ADD69F6-0D68-4581-8B36-78F149C6FB6B}.Release|x86.ActiveCfg = Release|x86
		{5ADD69F6-0D68-4581-8B36-78F149C6FB6B}.Release|x86.Build.0 = Release|x86
		{C1A48045-1588-45BE-AE89-C085337F3995}.Debug|Any CPU.ActiveCfg = Debug|Any CPU
		{C1A48045-1588-45BE-AE89-C085337F3995}.Debug|Any CPU.Build.0 = Debug|Any CPU
		{C1A48045-1588-45BE-AE89-C085337F3995}.Debug|Mixed Platforms.ActiveCfg = Debug|x86
		{C1A48045-1588-45BE-AE89-C085337F3995}.Debug|Mixed Platforms.Build.0 = Debug|x86
		{C1A48045-1588-45BE-AE89-C085337F3995}.Debug|x64.ActiveCfg = Debug|x64
		{C1A48045-1588-45BE-AE89-C085337F3995}.Debug|x86.ActiveCfg = Debug|x86
		{C1A48045-1588-45BE-AE89-C085337F3995}.Release|Any CPU.ActiveCfg = Release|Any CPU
		{C1A48045-1588-45BE-AE89-C085337F3995}.Release|Any CPU.Build.0 = Release|Any CPU
		{C1A48045-1588-45BE-AE89-C085337F3995}.Release|Mixed Platforms.ActiveCfg = Release|x86
		{C1A48045-1588-45BE-AE89-C085337F3995}.Release|Mixed Platforms.Build.0 = Release|x86
		{C1A48045-1588-45BE-AE89-C085337F3995}.Release|x64.ActiveCfg = Release|x64
		{C1A48045-1588-45BE-AE89-C085337F3995}.Release|x64.Build.0 = Release|x64
		{C1A48045-1588-45BE-AE89-C085337F3995}.Release|x86.ActiveCfg = Release|x86
		{C1A48045-1588-45BE-AE89-C085337F3995}.Release|x86.Build.0 = Release|x86
		{FB9C2C24-5EFC-44EB-B582-4544323D08A6}.Debug|Any CPU.ActiveCfg = Debug|Any CPU
		{FB9C2C24-5EFC-44EB-B582-4544323D08A6}.Debug|Any CPU.Build.0 = Debug|Any CPU
		{FB9C2C24-5EFC-44EB-B582-4544323D08A6}.Debug|Mixed Platforms.ActiveCfg = Debug|x86
		{FB9C2C24-5EFC-44EB-B582-4544323D08A6}.Debug|Mixed Platforms.Build.0 = Debug|x86
		{FB9C2C24-5EFC-44EB-B582-4544323D08A6}.Debug|x64.ActiveCfg = Debug|Any CPU
		{FB9C2C24-5EFC-44EB-B582-4544323D08A6}.Debug|x64.Build.0 = Debug|Any CPU
		{FB9C2C24-5EFC-44EB-B582-4544323D08A6}.Debug|x86.ActiveCfg = Debug|x86
		{FB9C2C24-5EFC-44EB-B582-4544323D08A6}.Debug|x86.Build.0 = Debug|x86
		{FB9C2C24-5EFC-44EB-B582-4544323D08A6}.Release|Any CPU.ActiveCfg = Release|Any CPU
		{FB9C2C24-5EFC-44EB-B582-4544323D08A6}.Release|Any CPU.Build.0 = Release|Any CPU
		{FB9C2C24-5EFC-44EB-B582-4544323D08A6}.Release|Mixed Platforms.ActiveCfg = Release|x86
		{FB9C2C24-5EFC-44EB-B582-4544323D08A6}.Release|Mixed Platforms.Build.0 = Release|x86
		{FB9C2C24-5EFC-44EB-B582-4544323D08A6}.Release|x64.ActiveCfg = Release|x64
		{FB9C2C24-5EFC-44EB-B582-4544323D08A6}.Release|x64.Build.0 = Release|x64
		{FB9C2C24-5EFC-44EB-B582-4544323D08A6}.Release|x86.ActiveCfg = Release|x86
		{FB9C2C24-5EFC-44EB-B582-4544323D08A6}.Release|x86.Build.0 = Release|x86
		{097C78FB-2F58-455F-8440-36BA7951A02D}.Debug|Any CPU.ActiveCfg = Debug|Any CPU
		{097C78FB-2F58-455F-8440-36BA7951A02D}.Debug|Any CPU.Build.0 = Debug|Any CPU
		{097C78FB-2F58-455F-8440-36BA7951A02D}.Debug|Mixed Platforms.ActiveCfg = Debug|Any CPU
		{097C78FB-2F58-455F-8440-36BA7951A02D}.Debug|Mixed Platforms.Build.0 = Debug|Any CPU
		{097C78FB-2F58-455F-8440-36BA7951A02D}.Debug|x64.ActiveCfg = Debug|Any CPU
		{097C78FB-2F58-455F-8440-36BA7951A02D}.Debug|x64.Build.0 = Debug|Any CPU
		{097C78FB-2F58-455F-8440-36BA7951A02D}.Debug|x86.ActiveCfg = Debug|x86
		{097C78FB-2F58-455F-8440-36BA7951A02D}.Debug|x86.Build.0 = Debug|x86
		{097C78FB-2F58-455F-8440-36BA7951A02D}.Release|Any CPU.ActiveCfg = Release|Any CPU
		{097C78FB-2F58-455F-8440-36BA7951A02D}.Release|Any CPU.Build.0 = Release|Any CPU
		{097C78FB-2F58-455F-8440-36BA7951A02D}.Release|Mixed Platforms.ActiveCfg = Release|Any CPU
		{097C78FB-2F58-455F-8440-36BA7951A02D}.Release|Mixed Platforms.Build.0 = Release|Any CPU
		{097C78FB-2F58-455F-8440-36BA7951A02D}.Release|x64.ActiveCfg = Release|Any CPU
		{097C78FB-2F58-455F-8440-36BA7951A02D}.Release|x86.ActiveCfg = Release|Any CPU
		{F3F1C6CF-0835-4E1F-A218-C68345A960A4}.Debug|Any CPU.ActiveCfg = Debug|Any CPU
		{F3F1C6CF-0835-4E1F-A218-C68345A960A4}.Debug|Any CPU.Build.0 = Debug|Any CPU
		{F3F1C6CF-0835-4E1F-A218-C68345A960A4}.Debug|Mixed Platforms.ActiveCfg = Debug|Any CPU
		{F3F1C6CF-0835-4E1F-A218-C68345A960A4}.Debug|Mixed Platforms.Build.0 = Debug|Any CPU
		{F3F1C6CF-0835-4E1F-A218-C68345A960A4}.Debug|x64.ActiveCfg = Debug|x64
		{F3F1C6CF-0835-4E1F-A218-C68345A960A4}.Debug|x64.Build.0 = Debug|x64
		{F3F1C6CF-0835-4E1F-A218-C68345A960A4}.Debug|x86.ActiveCfg = Debug|Any CPU
		{F3F1C6CF-0835-4E1F-A218-C68345A960A4}.Release|Any CPU.ActiveCfg = Release|Any CPU
		{F3F1C6CF-0835-4E1F-A218-C68345A960A4}.Release|Any CPU.Build.0 = Release|Any CPU
		{F3F1C6CF-0835-4E1F-A218-C68345A960A4}.Release|Mixed Platforms.ActiveCfg = Release|Any CPU
		{F3F1C6CF-0835-4E1F-A218-C68345A960A4}.Release|Mixed Platforms.Build.0 = Release|Any CPU
		{F3F1C6CF-0835-4E1F-A218-C68345A960A4}.Release|x64.ActiveCfg = Release|Any CPU
		{F3F1C6CF-0835-4E1F-A218-C68345A960A4}.Release|x86.ActiveCfg = Release|Any CPU
		{A8E445FA-84FD-4174-BA25-CFC514E0297F}.Debug|Any CPU.ActiveCfg = Debug|Any CPU
		{A8E445FA-84FD-4174-BA25-CFC514E0297F}.Debug|Any CPU.Build.0 = Debug|Any CPU
		{A8E445FA-84FD-4174-BA25-CFC514E0297F}.Debug|Mixed Platforms.ActiveCfg = Debug|Any CPU
		{A8E445FA-84FD-4174-BA25-CFC514E0297F}.Debug|Mixed Platforms.Build.0 = Debug|Any CPU
		{A8E445FA-84FD-4174-BA25-CFC514E0297F}.Debug|x64.ActiveCfg = Debug|Any CPU
		{A8E445FA-84FD-4174-BA25-CFC514E0297F}.Debug|x64.Build.0 = Debug|Any CPU
		{A8E445FA-84FD-4174-BA25-CFC514E0297F}.Debug|x86.ActiveCfg = Debug|x86
		{A8E445FA-84FD-4174-BA25-CFC514E0297F}.Debug|x86.Build.0 = Debug|x86
		{A8E445FA-84FD-4174-BA25-CFC514E0297F}.Release|Any CPU.ActiveCfg = Release|Any CPU
		{A8E445FA-84FD-4174-BA25-CFC514E0297F}.Release|Any CPU.Build.0 = Release|Any CPU
		{A8E445FA-84FD-4174-BA25-CFC514E0297F}.Release|Mixed Platforms.ActiveCfg = Release|Any CPU
		{A8E445FA-84FD-4174-BA25-CFC514E0297F}.Release|Mixed Platforms.Build.0 = Release|Any CPU
		{A8E445FA-84FD-4174-BA25-CFC514E0297F}.Release|x64.ActiveCfg = Release|x64
		{A8E445FA-84FD-4174-BA25-CFC514E0297F}.Release|x64.Build.0 = Release|x64
		{A8E445FA-84FD-4174-BA25-CFC514E0297F}.Release|x86.ActiveCfg = Release|Any CPU
	EndGlobalSection
	GlobalSection(SolutionProperties) = preSolution
		HideSolutionNode = FALSE
	EndGlobalSection
EndGlobal
